
Microsoft Visual Studio Solution File, Format Version 12.00
# Visual Studio 15
VisualStudioVersion = 15.0.28010.2046
MinimumVisualStudioVersion = 10.0.40219.1
Project("{FAE04EC0-301F-11D3-BF4B-00C04F79EFBC}") = "SegurSysWeb", "Modelo\SegurSysWeb.csproj", "{F5559172-758B-47CC-B4B3-B0D563713DDD}"
EndProject
Project("{FAE04EC0-301F-11D3-BF4B-00C04F79EFBC}") = "Model", "Model\Model.csproj", "{62947E24-0B80-4C4A-A340-1E7BF1A5FAD1}"
EndProject
Project("{FAE04EC0-301F-11D3-BF4B-00C04F79EFBC}") = "DAL", "DAL\DAL.csproj", "{49A7777A-C2B2-4FF8-8893-435329355AE7}"
EndProject
Project("{FAE04EC0-301F-11D3-BF4B-00C04F79EFBC}") = "BLL", "BLL\BLL.csproj", "{CBF774F7-7213-4164-A085-E9766E567A50}"
EndProject
Global
	GlobalSection(SolutionConfigurationPlatforms) = preSolution
		Debug|Any CPU = Debug|Any CPU
		Release|Any CPU = Release|Any CPU
	EndGlobalSection
	GlobalSection(ProjectConfigurationPlatforms) = postSolution
		{F5559172-758B-47CC-B4B3-B0D563713DDD}.Debug|Any CPU.ActiveCfg = Debug|Any CPU
		{F5559172-758B-47CC-B4B3-B0D563713DDD}.Debug|Any CPU.Build.0 = Debug|Any CPU
		{F5559172-758B-47CC-B4B3-B0D563713DDD}.Release|Any CPU.ActiveCfg = Release|Any CPU
		{F5559172-758B-47CC-B4B3-B0D563713DDD}.Release|Any CPU.Build.0 = Release|Any CPU
		{62947E24-0B80-4C4A-A340-1E7BF1A5FAD1}.Debug|Any CPU.ActiveCfg = Debug|Any CPU
		{62947E24-0B80-4C4A-A340-1E7BF1A5FAD1}.Debug|Any CPU.Build.0 = Debug|Any CPU
		{62947E24-0B80-4C4A-A340-1E7BF1A5FAD1}.Release|Any CPU.ActiveCfg = Release|Any CPU
		{62947E24-0B80-4C4A-A340-1E7BF1A5FAD1}.Release|Any CPU.Build.0 = Release|Any CPU
		{49A7777A-C2B2-4FF8-8893-435329355AE7}.Debug|Any CPU.ActiveCfg = Debug|Any CPU
		{49A7777A-C2B2-4FF8-8893-435329355AE7}.Debug|Any CPU.Build.0 = Debug|Any CPU
		{49A7777A-C2B2-4FF8-8893-435329355AE7}.Release|Any CPU.ActiveCfg = Release|Any CPU
		{49A7777A-C2B2-4FF8-8893-435329355AE7}.Release|Any CPU.Build.0 = Release|Any CPU
		{CBF774F7-7213-4164-A085-E9766E567A50}.Debug|Any CPU.ActiveCfg = Debug|Any CPU
		{CBF774F7-7213-4164-A085-E9766E567A50}.Debug|Any CPU.Build.0 = Debug|Any CPU
		{CBF774F7-7213-4164-A085-E9766E567A50}.Release|Any CPU.ActiveCfg = Release|Any CPU
		{CBF774F7-7213-4164-A085-E9766E567A50}.Release|Any CPU.Build.0 = Release|Any CPU
	EndGlobalSection
	GlobalSection(SolutionProperties) = preSolution
		HideSolutionNode = FALSE
	EndGlobalSection
	GlobalSection(ExtensibilityGlobals) = postSolution
		SolutionGuid = {E4D666C2-F0AA-4F2A-854B-C113B6B9CAAC}
	EndGlobalSection
EndGlobal
